// !$*UTF8*$!
{
	archiveVersion = 1;
	classes = {
	};
	objectVersion = 55;
	objects = {

/* Begin PBXBuildFile section */
		3EEAD95228D369A600419E4E /* LibraryApp.swift in Sources */ = {isa = PBXBuildFile; fileRef = 3EEAD95128D369A600419E4E /* LibraryApp.swift */; };
		3EEAD95628D369AF00419E4E /* Assets.xcassets in Resources */ = {isa = PBXBuildFile; fileRef = 3EEAD95528D369AF00419E4E /* Assets.xcassets */; };
		3EEAD95928D369AF00419E4E /* Preview Assets.xcassets in Resources */ = {isa = PBXBuildFile; fileRef = 3EEAD95828D369AF00419E4E /* Preview Assets.xcassets */; };
		3EEAD96128D36A5C00419E4E /* Data.json in Resources */ = {isa = PBXBuildFile; fileRef = 3EEAD96028D36A5C00419E4E /* Data.json */; };
		3EEAD96728D36B5800419E4E /* ViewModels.swift in Sources */ = {isa = PBXBuildFile; fileRef = 3EEAD96628D36B5800419E4E /* ViewModels.swift */; };
		3EEAD96928D36BCA00419E4E /* Book.swift in Sources */ = {isa = PBXBuildFile; fileRef = 3EEAD96828D36BCA00419E4E /* Book.swift */; };
		3EEAD96B28D36F5D00419E4E /* BookList.swift in Sources */ = {isa = PBXBuildFile; fileRef = 3EEAD96A28D36F5D00419E4E /* BookList.swift */; };
		3EEAD96D28D36F6C00419E4E /* Staging.swift in Sources */ = {isa = PBXBuildFile; fileRef = 3EEAD96C28D36F6C00419E4E /* Staging.swift */; };
		3EEAD96F28D36F7F00419E4E /* BookContent.swift in Sources */ = {isa = PBXBuildFile; fileRef = 3EEAD96E28D36F7F00419E4E /* BookContent.swift */; };
		3EEAD97128D36F8C00419E4E /* BookPreview.swift in Sources */ = {isa = PBXBuildFile; fileRef = 3EEAD97028D36F8C00419E4E /* BookPreview.swift */; };
/* End PBXBuildFile section */

/* Begin PBXFileReference section */
		3EEAD94E28D369A600419E4E /* LibraryApp.app */ = {isa = PBXFileReference; explicitFileType = wrapper.application; includeInIndex = 0; path = LibraryApp.app; sourceTree = BUILT_PRODUCTS_DIR; };
		3EEAD95128D369A600419E4E /* LibraryApp.swift */ = {isa = PBXFileReference; lastKnownFileType = sourcecode.swift; path = LibraryApp.swift; sourceTree = "<group>"; };
		3EEAD95528D369AF00419E4E /* Assets.xcassets */ = {isa = PBXFileReference; lastKnownFileType = folder.assetcatalog; path = Assets.xcassets; sourceTree = "<group>"; };
		3EEAD95828D369AF00419E4E /* Preview Assets.xcassets */ = {isa = PBXFileReference; lastKnownFileType = folder.assetcatalog; path = "Preview Assets.xcassets"; sourceTree = "<group>"; };
		3EEAD96028D36A5C00419E4E /* Data.json */ = {isa = PBXFileReference; fileEncoding = 4; lastKnownFileType = text.json; path = Data.json; sourceTree = "<group>"; };
		3EEAD96628D36B5800419E4E /* ViewModels.swift */ = {isa = PBXFileReference; lastKnownFileType = sourcecode.swift; path = ViewModels.swift; sourceTree = "<group>"; };
		3EEAD96828D36BCA00419E4E /* Book.swift */ = {isa = PBXFileReference; lastKnownFileType = sourcecode.swift; path = Book.swift; sourceTree = "<group>"; };
		3EEAD96A28D36F5D00419E4E /* BookList.swift */ = {isa = PBXFileReference; lastKnownFileType = sourcecode.swift; path = BookList.swift; sourceTree = "<group>"; };
		3EEAD96C28D36F6C00419E4E /* Staging.swift */ = {isa = PBXFileReference; lastKnownFileType = sourcecode.swift; path = Staging.swift; sourceTree = "<group>"; };
		3EEAD96E28D36F7F00419E4E /* BookContent.swift */ = {isa = PBXFileReference; lastKnownFileType = sourcecode.swift; path = BookContent.swift; sourceTree = "<group>"; };
		3EEAD97028D36F8C00419E4E /* BookPreview.swift */ = {isa = PBXFileReference; lastKnownFileType = sourcecode.swift; path = BookPreview.swift; sourceTree = "<group>"; };
/* End PBXFileReference section */

/* Begin PBXFrameworksBuildPhase section */
		3EEAD94B28D369A600419E4E /* Frameworks */ = {
			isa = PBXFrameworksBuildPhase;
			buildActionMask = 2147483647;
			files = (
			);
			runOnlyForDeploymentPostprocessing = 0;
		};
/* End PBXFrameworksBuildPhase section */

/* Begin PBXGroup section */
		3EEAD94528D369A600419E4E = {
			isa = PBXGroup;
			children = (
				3EEAD95028D369A600419E4E /* LibraryApp */,
				3EEAD94F28D369A600419E4E /* Products */,
			);
			sourceTree = "<group>";
		};
		3EEAD94F28D369A600419E4E /* Products */ = {
			isa = PBXGroup;
			children = (
				3EEAD94E28D369A600419E4E /* LibraryApp.app */,
			);
			name = Products;
			sourceTree = "<group>";
		};
		3EEAD95028D369A600419E4E /* LibraryApp */ = {
			isa = PBXGroup;
			children = (
				3EEAD96428D36ABB00419E4E /* ViewModels */,
				3EEAD96328D36AB000419E4E /* Views */,
				3EEAD96228D36AA300419E4E /* Models */,
				3EEAD95F28D36A4E00419E4E /* Data */,
				3EEAD95128D369A600419E4E /* LibraryApp.swift */,
				3EEAD95528D369AF00419E4E /* Assets.xcassets */,
				3EEAD95728D369AF00419E4E /* Preview Content */,
			);
			path = LibraryApp;
			sourceTree = "<group>";
		};
		3EEAD95728D369AF00419E4E /* Preview Content */ = {
			isa = PBXGroup;
			children = (
				3EEAD95828D369AF00419E4E /* Preview Assets.xcassets */,
			);
			path = "Preview Content";
			sourceTree = "<group>";
		};
		3EEAD95F28D36A4E00419E4E /* Data */ = {
			isa = PBXGroup;
			children = (
				3EEAD96028D36A5C00419E4E /* Data.json */,
			);
			path = Data;
			sourceTree = "<group>";
		};
		3EEAD96228D36AA300419E4E /* Models */ = {
			isa = PBXGroup;
			children = (
				3EEAD96828D36BCA00419E4E /* Book.swift */,
			);
			path = Models;
			sourceTree = "<group>";
		};
		3EEAD96328D36AB000419E4E /* Views */ = {
			isa = PBXGroup;
			children = (
				3EEAD96A28D36F5D00419E4E /* BookList.swift */,
				3EEAD96C28D36F6C00419E4E /* Staging.swift */,
				3EEAD96E28D36F7F00419E4E /* BookContent.swift */,
				3EEAD97028D36F8C00419E4E /* BookPreview.swift */,
			);
			path = Views;
			sourceTree = "<group>";
		};
		3EEAD96428D36ABB00419E4E /* ViewModels */ = {
			isa = PBXGroup;
			children = (
				3EEAD96628D36B5800419E4E /* ViewModels.swift */,
			);
			path = ViewModels;
			sourceTree = "<group>";
		};
/* End PBXGroup section */

/* Begin PBXNativeTarget section */
		3EEAD94D28D369A600419E4E /* LibraryApp */ = {
			isa = PBXNativeTarget;
			buildConfigurationList = 3EEAD95C28D369AF00419E4E /* Build configuration list for PBXNativeTarget "LibraryApp" */;
			buildPhases = (
				3EEAD94A28D369A600419E4E /* Sources */,
				3EEAD94B28D369A600419E4E /* Frameworks */,
				3EEAD94C28D369A600419E4E /* Resources */,
			);
			buildRules = (
			);
			dependencies = (
			);
			name = LibraryApp;
			productName = LibraryApp;
			productReference = 3EEAD94E28D369A600419E4E /* LibraryApp.app */;
			productType = "com.apple.product-type.application";
		};
/* End PBXNativeTarget section */

/* Begin PBXProject section */
		3EEAD94628D369A600419E4E /* Project object */ = {
			isa = PBXProject;
			attributes = {
				BuildIndependentTargetsInParallel = 1;
				LastSwiftUpdateCheck = 1320;
				LastUpgradeCheck = 1320;
				TargetAttributes = {
					3EEAD94D28D369A600419E4E = {
						CreatedOnToolsVersion = 13.2.1;
					};
				};
			};
			buildConfigurationList = 3EEAD94928D369A600419E4E /* Build configuration list for PBXProject "LibraryApp" */;
			compatibilityVersion = "Xcode 13.0";
			developmentRegion = en;
			hasScannedForEncodings = 0;
			knownRegions = (
				en,
				Base,
			);
			mainGroup = 3EEAD94528D369A600419E4E;
			productRefGroup = 3EEAD94F28D369A600419E4E /* Products */;
			projectDirPath = "";
			projectRoot = "";
			targets = (
				3EEAD94D28D369A600419E4E /* LibraryApp */,
			);
		};
/* End PBXProject section */

/* Begin PBXResourcesBuildPhase section */
		3EEAD94C28D369A600419E4E /* Resources */ = {
			isa = PBXResourcesBuildPhase;
			buildActionMask = 2147483647;
			files = (
				3EEAD95928D369AF00419E4E /* Preview Assets.xcassets in Resources */,
				3EEAD95628D369AF00419E4E /* Assets.xcassets in Resources */,
				3EEAD96128D36A5C00419E4E /* Data.json in Resources */,
			);
			runOnlyForDeploymentPostprocessing = 0;
		};
/* End PBXResourcesBuildPhase section */

/* Begin PBXSourcesBuildPhase section */
		3EEAD94A28D369A600419E4E /* Sources */ = {
			isa = PBXSourcesBuildPhase;
			buildActionMask = 2147483647;
			files = (
				3EEAD96728D36B5800419E4E /* ViewModels.swift in Sources */,
				3EEAD97128D36F8C00419E4E /* BookPreview.swift in Sources */,
				3EEAD96D28D36F6C00419E4E /* Staging.swift in Sources */,
				3EEAD96F28D36F7F00419E4E /* BookContent.swift in Sources */,
				3EEAD96928D36BCA00419E4E /* Book.swift in Sources */,
				3EEAD96B28D36F5D00419E4E /* BookList.swift in Sources */,
				3EEAD95228D369A600419E4E /* LibraryApp.swift in Sources */,
			);
			runOnlyForDeploymentPostprocessing = 0;
		};
/* End PBXSourcesBuildPhase section */

/* Begin XCBuildConfiguration section */
		3EEAD95A28D369AF00419E4E /* Debug */ = {
			isa = XCBuildConfiguration;
			buildSettings = {
				ALWAYS_SEARCH_USER_PATHS = NO;
				CLANG_ANALYZER_NONNULL = YES;
				CLANG_ANALYZER_NUMBER_OBJECT_CONVERSION = YES_AGGRESSIVE;
				CLANG_CXX_LANGUAGE_STANDARD = "gnu++17";
				CLANG_CXX_LIBRARY = "libc++";
				CLANG_ENABLE_MODULES = YES;
				CLANG_ENABLE_OBJC_ARC = YES;
				CLANG_ENABLE_OBJC_WEAK = YES;
				CLANG_WARN_BLOCK_CAPTURE_AUTORELEASING = YES;
				CLANG_WARN_BOOL_CONVERSION = YES;
				CLANG_WARN_COMMA = YES;
				CLANG_WARN_CONSTANT_CONVERSION = YES;
				CLANG_WARN_DEPRECATED_OBJC_IMPLEMENTATIONS = YES;
				CLANG_WARN_DIRECT_OBJC_ISA_USAGE = YES_ERROR;
				CLANG_WARN_DOCUMENTATION_COMMENTS = YES;
				CLANG_WARN_EMPTY_BODY = YES;
				CLANG_WARN_ENUM_CONVERSION = YES;
				CLANG_WARN_INFINITE_RECURSION = YES;
				CLANG_WARN_INT_CONVERSION = YES;
				CLANG_WARN_NON_LITERAL_NULL_CONVERSION = YES;
				CLANG_WARN_OBJC_IMPLICIT_RETAIN_SELF = YES;
				CLANG_WARN_OBJC_LITERAL_CONVERSION = YES;
				CLANG_WARN_OBJC_ROOT_CLASS = YES_ERROR;
				CLANG_WARN_QUOTED_INCLUDE_IN_FRAMEWORK_HEADER = YES;
				CLANG_WARN_RANGE_LOOP_ANALYSIS = YES;
				CLANG_WARN_STRICT_PROTOTYPES = YES;
				CLANG_WARN_SUSPICIOUS_MOVE = YES;
				CLANG_WARN_UNGUARDED_AVAILABILITY = YES_AGGRESSIVE;
				CLANG_WARN_UNREACHABLE_CODE = YES;
				CLANG_WARN__DUPLICATE_METHOD_MATCH = YES;
				COPY_PHASE_STRIP = NO;
				DEBUG_INFORMATION_FORMAT = dwarf;
				ENABLE_STRICT_OBJC_MSGSEND = YES;
				ENABLE_TESTABILITY = YES;
				GCC_C_LANGUAGE_STANDARD = gnu11;
				GCC_DYNAMIC_NO_PIC = NO;
				GCC_NO_COMMON_BLOCKS = YES;
				GCC_OPTIMIZATION_LEVEL = 0;
				GCC_PREPROCESSOR_DEFINITIONS = (
					"DEBUG=1",
					"$(inherited)",
				);
				GCC_WARN_64_TO_32_BIT_CONVERSION = YES;
				GCC_WARN_ABOUT_RETURN_TYPE = YES_ERROR;
				GCC_WARN_UNDECLARED_SELECTOR = YES;
				GCC_WARN_UNINITIALIZED_AUTOS = YES_AGGRESSIVE;
				GCC_WARN_UNUSED_FUNCTION = YES;
				GCC_WARN_UNUSED_VARIABLE = YES;
				IPHONEOS_DEPLOYMENT_TARGET = 15.2;
				MTL_ENABLE_DEBUG_INFO = INCLUDE_SOURCE;
				MTL_FAST_MATH = YES;
				ONLY_ACTIVE_ARCH = YES;
				SDKROOT = iphoneos;
				SWIFT_ACTIVE_COMPILATION_CONDITIONS = DEBUG;
				SWIFT_OPTIMIZATION_LEVEL = "-Onone";
			};
			name = Debug;
		};
		3EEAD95B28D369AF00419E4E /* Release */ = {
			isa = XCBuildConfiguration;
			buildSettings = {
				ALWAYS_SEARCH_USER_PATHS = NO;
				CLANG_ANALYZER_NONNULL = YES;
				CLANG_ANALYZER_NUMBER_OBJECT_CONVERSION = YES_AGGRESSIVE;
				CLANG_CXX_LANGUAGE_STANDARD = "gnu++17";
				CLANG_CXX_LIBRARY = "libc++";
				CLANG_ENABLE_MODULES = YES;
				CLANG_ENABLE_OBJC_ARC = YES;
				CLANG_ENABLE_OBJC_WEAK = YES;
				CLANG_WARN_BLOCK_CAPTURE_AUTORELEASING = YES;
				CLANG_WARN_BOOL_CONVERSION = YES;
				CLANG_WARN_COMMA = YES;
				CLANG_WARN_CONSTANT_CONVERSION = YES;
				CLANG_WARN_DEPRECATED_OBJC_IMPLEMENTATIONS = YES;
				CLANG_WARN_DIRECT_OBJC_ISA_USAGE = YES_ERROR;
				CLANG_WARN_DOCUMENTATION_COMMENTS = YES;
				CLANG_WARN_EMPTY_BODY = YES;
				CLANG_WARN_ENUM_CONVERSION = YES;
				CLANG_WARN_INFINITE_RECURSION = YES;
				CLANG_WARN_INT_CONVERSION = YES;
				CLANG_WARN_NON_LITERAL_NULL_CONVERSION = YES;
				CLANG_WARN_OBJC_IMPLICIT_RETAIN_SELF = YES;
				CLANG_WARN_OBJC_LITERAL_CONVERSION = YES;
				CLANG_WARN_OBJC_ROOT_CLASS = YES_ERROR;
				CLANG_WARN_QUOTED_INCLUDE_IN_FRAMEWORK_HEADER = YES;
				CLANG_WARN_RANGE_LOOP_ANALYSIS = YES;
				CLANG_WARN_STRICT_PROTOTYPES = YES;
				CLANG_WARN_SUSPICIOUS_MOVE = YES;
				CLANG_WARN_UNGUARDED_AVAILABILITY = YES_AGGRESSIVE;
				CLANG_WARN_UNREACHABLE_CODE = YES;
				CLANG_WARN__DUPLICATE_METHOD_MATCH = YES;
				COPY_PHASE_STRIP = NO;
				DEBUG_INFORMATION_FORMAT = "dwarf-with-dsym";
				ENABLE_NS_ASSERTIONS = NO;
				ENABLE_STRICT_OBJC_MSGSEND = YES;
				GCC_C_LANGUAGE_STANDARD = gnu11;
				GCC_NO_COMMON_BLOCKS = YES;
				GCC_WARN_64_TO_32_BIT_CONVERSION = YES;
				GCC_WARN_ABOUT_RETURN_TYPE = YES_ERROR;
				GCC_WARN_UNDECLARED_SELECTOR = YES;
				GCC_WARN_UNINITIALIZED_AUTOS = YES_AGGRESSIVE;
				GCC_WARN_UNUSED_FUNCTION = YES;
				GCC_WARN_UNUSED_VARIABLE = YES;
				IPHONEOS_DEPLOYMENT_TARGET = 15.2;
				MTL_ENABLE_DEBUG_INFO = NO;
				MTL_FAST_MATH = YES;
				SDKROOT = iphoneos;
				SWIFT_COMPILATION_MODE = wholemodule;
				SWIFT_OPTIMIZATION_LEVEL = "-O";
				VALIDATE_PRODUCT = YES;
			};
			name = Release;
		};
		3EEAD95D28D369AF00419E4E /* Debug */ = {
			isa = XCBuildConfiguration;
			buildSettings = {
				ASSETCATALOG_COMPILER_APPICON_NAME = AppIcon;
				ASSETCATALOG_COMPILER_GLOBAL_ACCENT_COLOR_NAME = AccentColor;
				CODE_SIGN_STYLE = Automatic;
				CURRENT_PROJECT_VERSION = 1;
				DEVELOPMENT_ASSET_PATHS = "\"LibraryApp/Preview Content\"";
				DEVELOPMENT_TEAM = KQH36TA5QP;
				ENABLE_PREVIEWS = YES;
				GENERATE_INFOPLIST_FILE = YES;
				INFOPLIST_KEY_UIApplicationSceneManifest_Generation = YES;
				INFOPLIST_KEY_UIApplicationSupportsIndirectInputEvents = YES;
				INFOPLIST_KEY_UILaunchScreen_Generation = YES;
				INFOPLIST_KEY_UISupportedInterfaceOrientations_iPad = "UIInterfaceOrientationPortrait UIInterfaceOrientationPortraitUpsideDown UIInterfaceOrientationLandscapeLeft UIInterfaceOrientationLandscapeRight";
				INFOPLIST_KEY_UISupportedInterfaceOrientations_iPhone = "UIInterfaceOrientationPortrait UIInterfaceOrientationLandscapeLeft UIInterfaceOrientationLandscapeRight";
				LD_RUNPATH_SEARCH_PATHS = (
					"$(inherited)",
					"@executable_path/Frameworks",
				);
				MARKETING_VERSION = 1.0;
				PRODUCT_BUNDLE_IDENTIFIER = com.app.LibraryApp;
				PRODUCT_NAME = "$(TARGET_NAME)";
				SWIFT_EMIT_LOC_STRINGS = YES;
				SWIFT_VERSION = 5.0;
				TARGETED_DEVICE_FAMILY = "1,2";
			};
			name = Debug;
		};
		3EEAD95E28D369AF00419E4E /* Release */ = {
			isa = XCBuildConfiguration;
			buildSettings = {
				ASSETCATALOG_COMPILER_APPICON_NAME = AppIcon;
				ASSETCATALOG_COMPILER_GLOBAL_ACCENT_COLOR_NAME = AccentColor;
				CODE_SIGN_STYLE = Automatic;
				CURRENT_PROJECT_VERSION = 1;
				DEVELOPMENT_ASSET_PATHS = "\"LibraryApp/Preview Content\"";
				DEVELOPMENT_TEAM = KQH36TA5QP;
				ENABLE_PREVIEWS = YES;
				GENERATE_INFOPLIST_FILE = YES;
				INFOPLIST_KEY_UIApplicationSceneManifest_Generation = YES;
				INFOPLIST_KEY_UIApplicationSupportsIndirectInputEvents = YES;
				INFOPLIST_KEY_UILaunchScreen_Generation = YES;
				INFOPLIST_KEY_UISupportedInterfaceOrientations_iPad = "UIInterfaceOrientationPortrait UIInterfaceOrientationPortraitUpsideDown UIInterfaceOrientationLandscapeLeft UIInterfaceOrientationLandscapeRight";
				INFOPLIST_KEY_UISupportedInterfaceOrientations_iPhone = "UIInterfaceOrientationPortrait UIInterfaceOrientationLandscapeLeft UIInterfaceOrientationLandscapeRight";
				LD_RUNPATH_SEARCH_PATHS = (
					"$(inherited)",
					"@executable_path/Frameworks",
				);
				MARKETING_VERSION = 1.0;
				PRODUCT_BUNDLE_IDENTIFIER = com.app.LibraryApp;
				PRODUCT_NAME = "$(TARGET_NAME)";
				SWIFT_EMIT_LOC_STRINGS = YES;
				SWIFT_VERSION = 5.0;
				TARGETED_DEVICE_FAMILY = "1,2";
			};
			name = Release;
		};
/* End XCBuildConfiguration section */

/* Begin XCConfigurationList section */
		3EEAD94928D369A600419E4E /* Build configuration list for PBXProject "LibraryApp" */ = {
			isa = XCConfigurationList;
			buildConfigurations = (
				3EEAD95A28D369AF00419E4E /* Debug */,
				3EEAD95B28D369AF00419E4E /* Release */,
			);
			defaultConfigurationIsVisible = 0;
			defaultConfigurationName = Release;
		};
		3EEAD95C28D369AF00419E4E /* Build configuration list for PBXNativeTarget "LibraryApp" */ = {
			isa = XCConfigurationList;
			buildConfigurations = (
				3EEAD95D28D369AF00419E4E /* Debug */,
				3EEAD95E28D369AF00419E4E /* Release */,
			);
			defaultConfigurationIsVisible = 0;
			defaultConfigurationName = Release;
		};
/* End XCConfigurationList section */
	};
	rootObject = 3EEAD94628D369A600419E4E /* Project object */;
}
